
Microsoft Visual Studio Solution File, Format Version 12.00
# Visual Studio Version 16
VisualStudioVersion = 16.0.810.9
MinimumVisualStudioVersion = 10.0.40219.1
Project("{FAE04EC0-301F-11D3-BF4B-00C04F79EFBC}") = "Functions", "GradualIncrease\Functions.csproj", "{5077E2FF-1CAF-4FC4-960E-6F3D7741EA2B}"
EndProject
Project("{FAE04EC0-301F-11D3-BF4B-00C04F79EFBC}") = "PrimeNumbers", "PrimeNumbers\PrimeNumbers.csproj", "{BA2FAAA9-9C9D-4E6C-9CAF-45BC5D3B4F4D}"
EndProject
Global
	GlobalSection(SolutionConfigurationPlatforms) = preSolution
		Debug|Any CPU = Debug|Any CPU
		Release|Any CPU = Release|Any CPU
	EndGlobalSection
	GlobalSection(ProjectConfigurationPlatforms) = postSolution
		{5077E2FF-1CAF-4FC4-960E-6F3D7741EA2B}.Debug|Any CPU.ActiveCfg = Debug|Any CPU
		{5077E2FF-1CAF-4FC4-960E-6F3D7741EA2B}.Debug|Any CPU.Build.0 = Debug|Any CPU
		{5077E2FF-1CAF-4FC4-960E-6F3D7741EA2B}.Release|Any CPU.ActiveCfg = Release|Any CPU
		{5077E2FF-1CAF-4FC4-960E-6F3D7741EA2B}.Release|Any CPU.Build.0 = Release|Any CPU
		{BA2FAAA9-9C9D-4E6C-9CAF-45BC5D3B4F4D}.Debug|Any CPU.ActiveCfg = Debug|Any CPU
		{BA2FAAA9-9C9D-4E6C-9CAF-45BC5D3B4F4D}.Debug|Any CPU.Build.0 = Debug|Any CPU
		{BA2FAAA9-9C9D-4E6C-9CAF-45BC5D3B4F4D}.Release|Any CPU.ActiveCfg = Release|Any CPU
		{BA2FAAA9-9C9D-4E6C-9CAF-45BC5D3B4F4D}.Release|Any CPU.Build.0 = Release|Any CPU
	EndGlobalSection
	GlobalSection(SolutionProperties) = preSolution
		HideSolutionNode = FALSE
	EndGlobalSection
	GlobalSection(ExtensibilityGlobals) = postSolution
		SolutionGuid = {F45CC610-8A24-47F7-9E7B-3F7FE2CD3B41}
	EndGlobalSection
EndGlobal
